
Microsoft Visual Studio Solution File, Format Version 12.00
# Visual Studio Version 17
VisualStudioVersion = 17.9.34616.47
MinimumVisualStudioVersion = 10.0.40219.1
Project("{FAE04EC0-301F-11D3-BF4B-00C04F79EFBC}") = "dizidekiÇiftSayılarıTopla", "dizidekiÇiftSayılarıTopla\dizidekiÇiftSayılarıTopla.csproj", "{A664D7C8-904A-4D71-A272-64987D7BF771}"
EndProject
Global
	GlobalSection(SolutionConfigurationPlatforms) = preSolution
		Debug|Any CPU = Debug|Any CPU
		Release|Any CPU = Release|Any CPU
	EndGlobalSection
	GlobalSection(ProjectConfigurationPlatforms) = postSolution
		{A664D7C8-904A-4D71-A272-64987D7BF771}.Debug|Any CPU.ActiveCfg = Debug|Any CPU
		{A664D7C8-904A-4D71-A272-64987D7BF771}.Debug|Any CPU.Build.0 = Debug|Any CPU
		{A664D7C8-904A-4D71-A272-64987D7BF771}.Release|Any CPU.ActiveCfg = Release|Any CPU
		{A664D7C8-904A-4D71-A272-64987D7BF771}.Release|Any CPU.Build.0 = Release|Any CPU
	EndGlobalSection
	GlobalSection(SolutionProperties) = preSolution
		HideSolutionNode = FALSE
	EndGlobalSection
	GlobalSection(ExtensibilityGlobals) = postSolution
		SolutionGuid = {7589F69A-F531-4E5F-8C27-2C7CB5C55765}
	EndGlobalSection
EndGlobal
